{
  "version": 4,
  "terraform_version": "1.9.2",
  "serial": 12,
  "lineage": "3beff7e9-e1d0-53cb-e8a7-071d94ddb8e7",
  "outputs": {},
  "resources": [
    {
      "mode": "managed",
      "type": "panos_address_object",
      "name": "ao1",
      "provider": "provider[\"registry.terraform.io/paloaltonetworks/panos\"]",
      "instances": [
        {
          "schema_version": 1,
          "attributes": {
            "description": "",
            "device_group": "shared",
            "id": "shared:ntp1",
            "name": "ntp1",
            "tags": null,
            "type": "ip-netmask",
            "value": "10.0.0.1",
            "vsys": "vsys1"
          },
          "sensitive_attributes": [],
          "private": "eyJzY2hlbWFfdmVyc2lvbiI6IjEifQ=="
        }
      ]
    },
    {
      "mode": "managed",
      "type": "panos_address_object",
      "name": "ao2",
      "provider": "provider[\"registry.terraform.io/paloaltonetworks/panos\"]",
      "instances": [
        {
          "schema_version": 1,
          "attributes": {
            "description": "",
            "device_group": "shared",
            "id": "shared:ntp2",
            "name": "ntp2",
            "tags": null,
            "type": "ip-netmask",
            "value": "10.0.0.2",
            "vsys": "vsys1"
          },
          "sensitive_attributes": [],
          "private": "eyJzY2hlbWFfdmVyc2lvbiI6IjEifQ=="
        }
      ]
    },
    {
      "mode": "managed",
      "type": "panos_security_policy",
      "name": "rule1",
      "provider": "provider[\"registry.terraform.io/paloaltonetworks/panos\"]",
      "instances": [
        {
          "schema_version": 1,
          "attributes": {
            "device_group": "DEMO",
            "id": "DEMO:pre-rulebase:vsys1",
            "rule": [
              {
                "action": "allow",
                "applications": [
                  "dns"
                ],
                "audit_comment": "",
                "categories": [
                  "any"
                ],
                "data_filtering": "",
                "description": "",
                "destination_addresses": [
                  "ntp1",
                  "ntp2"
                ],
                "destination_devices": null,
                "destination_zones": [
                  "DMZ"
                ],
                "disable_server_response_inspection": false,
                "disabled": false,
                "file_blocking": "",
                "group": "",
                "group_tag": "",
                "hip_profiles": null,
                "icmp_unreachable": false,
                "log_end": true,
                "log_setting": "",
                "log_start": false,
                "name": "DNS Policy",
                "negate_destination": false,
                "negate_source": false,
                "negate_target": false,
                "schedule": "",
                "services": [
                  "application-default"
                ],
                "source_addresses": [
                  "any"
                ],
                "source_devices": null,
                "source_users": [
                  "any"
                ],
                "source_zones": [
                  "Inside"
                ],
                "spyware": "",
                "tags": null,
                "target": [],
                "type": "universal",
                "url_filtering": "",
                "uuid": "4d7cc2e8-72be-4169-aeec-23364c568399",
                "virus": "",
                "vulnerability": "",
                "wildfire_analysis": ""
              }
            ],
            "rulebase": "pre-rulebase",
            "timeouts": null,
            "vsys": "vsys1"
          },
          "sensitive_attributes": [],
          "private": "eyJlMmJmYjczMC1lY2FhLTExZTYtOGY4OC0zNDM2M2JjN2M0YzAiOnsiY3JlYXRlIjo2MDAwMDAwMDAwMDAsImRlbGV0ZSI6NjAwMDAwMDAwMDAwLCJ1cGRhdGUiOjYwMDAwMDAwMDAwMH0sInNjaGVtYV92ZXJzaW9uIjoiMSJ9",
          "dependencies": [
            "panos_address_object.ao1",
            "panos_address_object.ao2"
          ]
        }
      ]
    }
  ],
  "check_results": null
}
